
Microsoft Visual Studio Solution File, Format Version 12.00
# Visual Studio Version 16
VisualStudioVersion = 16.0.29201.188
MinimumVisualStudioVersion = 10.0.40219.1
Project("{FAE04EC0-301F-11D3-BF4B-00C04F79EFBC}") = "Scrollbar", "Scrollbar\Scrollbar.csproj", "{250BD68E-A640-498F-B77F-7B5D03A5A946}"
EndProject
Global
	GlobalSection(SolutionConfigurationPlatforms) = preSolution
		Debug|Any CPU = Debug|Any CPU
		Release|Any CPU = Release|Any CPU
	EndGlobalSection
	GlobalSection(ProjectConfigurationPlatforms) = postSolution
		{250BD68E-A640-498F-B77F-7B5D03A5A946}.Debug|Any CPU.ActiveCfg = Debug|Any CPU
		{250BD68E-A640-498F-B77F-7B5D03A5A946}.Debug|Any CPU.Build.0 = Debug|Any CPU
		{250BD68E-A640-498F-B77F-7B5D03A5A946}.Release|Any CPU.ActiveCfg = Release|Any CPU
		{250BD68E-A640-498F-B77F-7B5D03A5A946}.Release|Any CPU.Build.0 = Release|Any CPU
	EndGlobalSection
	GlobalSection(SolutionProperties) = preSolution
		HideSolutionNode = FALSE
	EndGlobalSection
	GlobalSection(ExtensibilityGlobals) = postSolution
		SolutionGuid = {6DD13B40-2F5E-49D6-A5F5-12FF1AA86A2E}
	EndGlobalSection
EndGlobal
